
Microsoft Visual Studio Solution File, Format Version 12.00
# Visual Studio Version 17
VisualStudioVersion = 17.6.33801.468
MinimumVisualStudioVersion = 10.0.40219.1
Project("{2150E333-8FDC-42A3-9474-1A3956D46DE8}") = "ApiConsume", "ApiConsume", "{50D2ADFA-7561-4014-9232-856B2ED5AA2E}"
EndProject
Project("{2150E333-8FDC-42A3-9474-1A3956D46DE8}") = "Frontend", "Frontend", "{138153CB-CCD6-4FE2-8765-B78A59E9E2CD}"
EndProject
Project("{2150E333-8FDC-42A3-9474-1A3956D46DE8}") = "ToDoList", "ToDoList", "{A5FB5322-F39B-4F3B-AE7C-624AFB40623C}"
EndProject
Project("{FAE04EC0-301F-11D3-BF4B-00C04F79EFBC}") = "HotelProject.WebApi", "ApiConsume\HotelProject.WebApi\HotelProject.WebApi.csproj", "{1C85415C-A9E6-4949-976E-3A4D6034A587}"
EndProject
Project("{FAE04EC0-301F-11D3-BF4B-00C04F79EFBC}") = "HotelProject.EntityLayer", "ApiConsume\HotelProject.EntityLayer\HotelProject.EntityLayer.csproj", "{A24F64A0-B827-46D4-9418-82306C931E46}"
EndProject
Project("{FAE04EC0-301F-11D3-BF4B-00C04F79EFBC}") = "HotelProject.DataAccessLayer", "ApiConsume\HotelProject.DataAccessLayer\HotelProject.DataAccessLayer.csproj", "{E35CC559-9A54-4214-B24E-391739EDF3D7}"
EndProject
Project("{FAE04EC0-301F-11D3-BF4B-00C04F79EFBC}") = "HotelProject.BusinessLayer", "ApiConsume\HotelProject.BusinessLayer\HotelProject.BusinessLayer.csproj", "{8E741B20-D03A-4E37-976E-548EBE2AFD2D}"
EndProject
Project("{FAE04EC0-301F-11D3-BF4B-00C04F79EFBC}") = "HotelProject.DtoLayer", "ApiConsume\HotelProject.DTO\HotelProject.DtoLayer.csproj", "{AB9CB623-06F1-45A9-8111-C3BAF13E83E3}"
EndProject
Project("{FAE04EC0-301F-11D3-BF4B-00C04F79EFBC}") = "HotelProject.WebUI", "Frontend\HotelProject.WebUI\HotelProject.WebUI.csproj", "{D1C648F0-EF84-4B0E-BB8C-FB9429A65753}"
EndProject
Global
	GlobalSection(SolutionConfigurationPlatforms) = preSolution
		Debug|Any CPU = Debug|Any CPU
		Release|Any CPU = Release|Any CPU
	EndGlobalSection
	GlobalSection(ProjectConfigurationPlatforms) = postSolution
		{1C85415C-A9E6-4949-976E-3A4D6034A587}.Debug|Any CPU.ActiveCfg = Debug|Any CPU
		{1C85415C-A9E6-4949-976E-3A4D6034A587}.Debug|Any CPU.Build.0 = Debug|Any CPU
		{1C85415C-A9E6-4949-976E-3A4D6034A587}.Release|Any CPU.ActiveCfg = Release|Any CPU
		{1C85415C-A9E6-4949-976E-3A4D6034A587}.Release|Any CPU.Build.0 = Release|Any CPU
		{A24F64A0-B827-46D4-9418-82306C931E46}.Debug|Any CPU.ActiveCfg = Debug|Any CPU
		{A24F64A0-B827-46D4-9418-82306C931E46}.Debug|Any CPU.Build.0 = Debug|Any CPU
		{A24F64A0-B827-46D4-9418-82306C931E46}.Release|Any CPU.ActiveCfg = Release|Any CPU
		{A24F64A0-B827-46D4-9418-82306C931E46}.Release|Any CPU.Build.0 = Release|Any CPU
		{E35CC559-9A54-4214-B24E-391739EDF3D7}.Debug|Any CPU.ActiveCfg = Debug|Any CPU
		{E35CC559-9A54-4214-B24E-391739EDF3D7}.Debug|Any CPU.Build.0 = Debug|Any CPU
		{E35CC559-9A54-4214-B24E-391739EDF3D7}.Release|Any CPU.ActiveCfg = Release|Any CPU
		{E35CC559-9A54-4214-B24E-391739EDF3D7}.Release|Any CPU.Build.0 = Release|Any CPU
		{8E741B20-D03A-4E37-976E-548EBE2AFD2D}.Debug|Any CPU.ActiveCfg = Debug|Any CPU
		{8E741B20-D03A-4E37-976E-548EBE2AFD2D}.Debug|Any CPU.Build.0 = Debug|Any CPU
		{8E741B20-D03A-4E37-976E-548EBE2AFD2D}.Release|Any CPU.ActiveCfg = Release|Any CPU
		{8E741B20-D03A-4E37-976E-548EBE2AFD2D}.Release|Any CPU.Build.0 = Release|Any CPU
		{AB9CB623-06F1-45A9-8111-C3BAF13E83E3}.Debug|Any CPU.ActiveCfg = Debug|Any CPU
		{AB9CB623-06F1-45A9-8111-C3BAF13E83E3}.Debug|Any CPU.Build.0 = Debug|Any CPU
		{AB9CB623-06F1-45A9-8111-C3BAF13E83E3}.Release|Any CPU.ActiveCfg = Release|Any CPU
		{AB9CB623-06F1-45A9-8111-C3BAF13E83E3}.Release|Any CPU.Build.0 = Release|Any CPU
		{D1C648F0-EF84-4B0E-BB8C-FB9429A65753}.Debug|Any CPU.ActiveCfg = Debug|Any CPU
		{D1C648F0-EF84-4B0E-BB8C-FB9429A65753}.Debug|Any CPU.Build.0 = Debug|Any CPU
		{D1C648F0-EF84-4B0E-BB8C-FB9429A65753}.Release|Any CPU.ActiveCfg = Release|Any CPU
		{D1C648F0-EF84-4B0E-BB8C-FB9429A65753}.Release|Any CPU.Build.0 = Release|Any CPU
	EndGlobalSection
	GlobalSection(SolutionProperties) = preSolution
		HideSolutionNode = FALSE
	EndGlobalSection
	GlobalSection(NestedProjects) = preSolution
		{1C85415C-A9E6-4949-976E-3A4D6034A587} = {50D2ADFA-7561-4014-9232-856B2ED5AA2E}
		{A24F64A0-B827-46D4-9418-82306C931E46} = {50D2ADFA-7561-4014-9232-856B2ED5AA2E}
		{E35CC559-9A54-4214-B24E-391739EDF3D7} = {50D2ADFA-7561-4014-9232-856B2ED5AA2E}
		{8E741B20-D03A-4E37-976E-548EBE2AFD2D} = {50D2ADFA-7561-4014-9232-856B2ED5AA2E}
		{AB9CB623-06F1-45A9-8111-C3BAF13E83E3} = {50D2ADFA-7561-4014-9232-856B2ED5AA2E}
		{D1C648F0-EF84-4B0E-BB8C-FB9429A65753} = {138153CB-CCD6-4FE2-8765-B78A59E9E2CD}
	EndGlobalSection
	GlobalSection(ExtensibilityGlobals) = postSolution
		SolutionGuid = {A9E010C5-F560-4EE1-A255-36C5EABA9E48}
	EndGlobalSection
EndGlobal
